// !$*UTF8*$!
{
	archiveVersion = 1;
	classes = {
	};
	objectVersion = 50;
	objects = {

/* Begin PBXBuildFile section */
		672C763B239BEC7A0052E7FE /* block_data_analyze.swift in Sources */ = {isa = PBXBuildFile; fileRef = 672C763A239BEC7A0052E7FE /* block_data_analyze.swift */; };
		6747BEFC23A20D0800C26A3A /* img_data.json in Resources */ = {isa = PBXBuildFile; fileRef = 6747BEFB23A20D0800C26A3A /* img_data.json */; };
		67AF7B5D23928B450003EC93 /* AppDelegate.swift in Sources */ = {isa = PBXBuildFile; fileRef = 67AF7B5C23928B450003EC93 /* AppDelegate.swift */; };
		67AF7B5F23928B450003EC93 /* SceneDelegate.swift in Sources */ = {isa = PBXBuildFile; fileRef = 67AF7B5E23928B450003EC93 /* SceneDelegate.swift */; };
		67AF7B6123928B450003EC93 /* ContentView.swift in Sources */ = {isa = PBXBuildFile; fileRef = 67AF7B6023928B450003EC93 /* ContentView.swift */; };
		67AF7B6323928B460003EC93 /* Assets.xcassets in Resources */ = {isa = PBXBuildFile; fileRef = 67AF7B6223928B460003EC93 /* Assets.xcassets */; };
		67AF7B6623928B460003EC93 /* Preview Assets.xcassets in Resources */ = {isa = PBXBuildFile; fileRef = 67AF7B6523928B460003EC93 /* Preview Assets.xcassets */; };
		67AF7B6923928B460003EC93 /* LaunchScreen.storyboard in Resources */ = {isa = PBXBuildFile; fileRef = 67AF7B6723928B460003EC93 /* LaunchScreen.storyboard */; };
		67AF7B7423928B460003EC93 /* work_testTests.swift in Sources */ = {isa = PBXBuildFile; fileRef = 67AF7B7323928B460003EC93 /* work_testTests.swift */; };
		67AF7B7F23928B460003EC93 /* work_testUITests.swift in Sources */ = {isa = PBXBuildFile; fileRef = 67AF7B7E23928B460003EC93 /* work_testUITests.swift */; };
		67CF3BF6239A137C007237C8 /* json_read.swift in Sources */ = {isa = PBXBuildFile; fileRef = 67CF3BF5239A137C007237C8 /* json_read.swift */; };
/* End PBXBuildFile section */

/* Begin PBXContainerItemProxy section */
		67AF7B7023928B460003EC93 /* PBXContainerItemProxy */ = {
			isa = PBXContainerItemProxy;
			containerPortal = 67AF7B5123928B450003EC93 /* Project object */;
			proxyType = 1;
			remoteGlobalIDString = 67AF7B5823928B450003EC93;
			remoteInfo = work_test;
		};
		67AF7B7B23928B460003EC93 /* PBXContainerItemProxy */ = {
			isa = PBXContainerItemProxy;
			containerPortal = 67AF7B5123928B450003EC93 /* Project object */;
			proxyType = 1;
			remoteGlobalIDString = 67AF7B5823928B450003EC93;
			remoteInfo = work_test;
		};
/* End PBXContainerItemProxy section */

/* Begin PBXFileReference section */
		672C763A239BEC7A0052E7FE /* block_data_analyze.swift */ = {isa = PBXFileReference; lastKnownFileType = sourcecode.swift; path = block_data_analyze.swift; sourceTree = "<group>"; };
		6747BEFB23A20D0800C26A3A /* img_data.json */ = {isa = PBXFileReference; fileEncoding = 4; lastKnownFileType = text.json; path = img_data.json; sourceTree = "<group>"; };
		67AF7B5923928B450003EC93 /* work_test.app */ = {isa = PBXFileReference; explicitFileType = wrapper.application; includeInIndex = 0; path = work_test.app; sourceTree = BUILT_PRODUCTS_DIR; };
		67AF7B5C23928B450003EC93 /* AppDelegate.swift */ = {isa = PBXFileReference; lastKnownFileType = sourcecode.swift; path = AppDelegate.swift; sourceTree = "<group>"; };
		67AF7B5E23928B450003EC93 /* SceneDelegate.swift */ = {isa = PBXFileReference; lastKnownFileType = sourcecode.swift; path = SceneDelegate.swift; sourceTree = "<group>"; };
		67AF7B6023928B450003EC93 /* ContentView.swift */ = {isa = PBXFileReference; lastKnownFileType = sourcecode.swift; path = ContentView.swift; sourceTree = "<group>"; };
		67AF7B6223928B460003EC93 /* Assets.xcassets */ = {isa = PBXFileReference; lastKnownFileType = folder.assetcatalog; path = Assets.xcassets; sourceTree = "<group>"; };
		67AF7B6523928B460003EC93 /* Preview Assets.xcassets */ = {isa = PBXFileReference; lastKnownFileType = folder.assetcatalog; path = "Preview Assets.xcassets"; sourceTree = "<group>"; };
		67AF7B6823928B460003EC93 /* Base */ = {isa = PBXFileReference; lastKnownFileType = file.storyboard; name = Base; path = Base.lproj/LaunchScreen.storyboard; sourceTree = "<group>"; };
		67AF7B6A23928B460003EC93 /* Info.plist */ = {isa = PBXFileReference; lastKnownFileType = text.plist.xml; path = Info.plist; sourceTree = "<group>"; };
		67AF7B6F23928B460003EC93 /* work_testTests.xctest */ = {isa = PBXFileReference; explicitFileType = wrapper.cfbundle; includeInIndex = 0; path = work_testTests.xctest; sourceTree = BUILT_PRODUCTS_DIR; };
		67AF7B7323928B460003EC93 /* work_testTests.swift */ = {isa = PBXFileReference; lastKnownFileType = sourcecode.swift; path = work_testTests.swift; sourceTree = "<group>"; };
		67AF7B7523928B460003EC93 /* Info.plist */ = {isa = PBXFileReference; lastKnownFileType = text.plist.xml; path = Info.plist; sourceTree = "<group>"; };
		67AF7B7A23928B460003EC93 /* work_testUITests.xctest */ = {isa = PBXFileReference; explicitFileType = wrapper.cfbundle; includeInIndex = 0; path = work_testUITests.xctest; sourceTree = BUILT_PRODUCTS_DIR; };
		67AF7B7E23928B460003EC93 /* work_testUITests.swift */ = {isa = PBXFileReference; lastKnownFileType = sourcecode.swift; path = work_testUITests.swift; sourceTree = "<group>"; };
		67AF7B8023928B460003EC93 /* Info.plist */ = {isa = PBXFileReference; lastKnownFileType = text.plist.xml; path = Info.plist; sourceTree = "<group>"; };
		67CF3BF5239A137C007237C8 /* json_read.swift */ = {isa = PBXFileReference; fileEncoding = 4; lastKnownFileType = sourcecode.swift; path = json_read.swift; sourceTree = "<group>"; };
/* End PBXFileReference section */

/* Begin PBXFrameworksBuildPhase section */
		67AF7B5623928B450003EC93 /* Frameworks */ = {
			isa = PBXFrameworksBuildPhase;
			buildActionMask = 2147483647;
			files = (
			);
			runOnlyForDeploymentPostprocessing = 0;
		};
		67AF7B6C23928B460003EC93 /* Frameworks */ = {
			isa = PBXFrameworksBuildPhase;
			buildActionMask = 2147483647;
			files = (
			);
			runOnlyForDeploymentPostprocessing = 0;
		};
		67AF7B7723928B460003EC93 /* Frameworks */ = {
			isa = PBXFrameworksBuildPhase;
			buildActionMask = 2147483647;
			files = (
			);
			runOnlyForDeploymentPostprocessing = 0;
		};
/* End PBXFrameworksBuildPhase section */

/* Begin PBXGroup section */
		67AF7B5023928B450003EC93 = {
			isa = PBXGroup;
			children = (
				67AF7B5B23928B450003EC93 /* work_test */,
				67AF7B7223928B460003EC93 /* work_testTests */,
				67AF7B7D23928B460003EC93 /* work_testUITests */,
				67AF7B5A23928B450003EC93 /* Products */,
			);
			sourceTree = "<group>";
		};
		67AF7B5A23928B450003EC93 /* Products */ = {
			isa = PBXGroup;
			children = (
				67AF7B5923928B450003EC93 /* work_test.app */,
				67AF7B6F23928B460003EC93 /* work_testTests.xctest */,
				67AF7B7A23928B460003EC93 /* work_testUITests.xctest */,
			);
			name = Products;
			sourceTree = "<group>";
		};
		67AF7B5B23928B450003EC93 /* work_test */ = {
			isa = PBXGroup;
			children = (
				67AF7B5C23928B450003EC93 /* AppDelegate.swift */,
				67AF7B5E23928B450003EC93 /* SceneDelegate.swift */,
				67AF7B6023928B450003EC93 /* ContentView.swift */,
				672C763A239BEC7A0052E7FE /* block_data_analyze.swift */,
				67AF7B6223928B460003EC93 /* Assets.xcassets */,
				67AF7B6723928B460003EC93 /* LaunchScreen.storyboard */,
				6747BEFB23A20D0800C26A3A /* img_data.json */,
				67CF3BF5239A137C007237C8 /* json_read.swift */,
				67AF7B6A23928B460003EC93 /* Info.plist */,
				67AF7B6423928B460003EC93 /* Preview Content */,
			);
			path = work_test;
			sourceTree = "<group>";
		};
		67AF7B6423928B460003EC93 /* Preview Content */ = {
			isa = PBXGroup;
			children = (
				67AF7B6523928B460003EC93 /* Preview Assets.xcassets */,
			);
			path = "Preview Content";
			sourceTree = "<group>";
		};
		67AF7B7223928B460003EC93 /* work_testTests */ = {
			isa = PBXGroup;
			children = (
				67AF7B7323928B460003EC93 /* work_testTests.swift */,
				67AF7B7523928B460003EC93 /* Info.plist */,
			);
			path = work_testTests;
			sourceTree = "<group>";
		};
		67AF7B7D23928B460003EC93 /* work_testUITests */ = {
			isa = PBXGroup;
			children = (
				67AF7B7E23928B460003EC93 /* work_testUITests.swift */,
				67AF7B8023928B460003EC93 /* Info.plist */,
			);
			path = work_testUITests;
			sourceTree = "<group>";
		};
/* End PBXGroup section */

/* Begin PBXNativeTarget section */
		67AF7B5823928B450003EC93 /* work_test */ = {
			isa = PBXNativeTarget;
			buildConfigurationList = 67AF7B8323928B460003EC93 /* Build configuration list for PBXNativeTarget "work_test" */;
			buildPhases = (
				67AF7B5523928B450003EC93 /* Sources */,
				67AF7B5623928B450003EC93 /* Frameworks */,
				67AF7B5723928B450003EC93 /* Resources */,
			);
			buildRules = (
			);
			dependencies = (
			);
			name = work_test;
			productName = work_test;
			productReference = 67AF7B5923928B450003EC93 /* work_test.app */;
			productType = "com.apple.product-type.application";
		};
		67AF7B6E23928B460003EC93 /* work_testTests */ = {
			isa = PBXNativeTarget;
			buildConfigurationList = 67AF7B8623928B460003EC93 /* Build configuration list for PBXNativeTarget "work_testTests" */;
			buildPhases = (
				67AF7B6B23928B460003EC93 /* Sources */,
				67AF7B6C23928B460003EC93 /* Frameworks */,
				67AF7B6D23928B460003EC93 /* Resources */,
			);
			buildRules = (
			);
			dependencies = (
				67AF7B7123928B460003EC93 /* PBXTargetDependency */,
			);
			name = work_testTests;
			productName = work_testTests;
			productReference = 67AF7B6F23928B460003EC93 /* work_testTests.xctest */;
			productType = "com.apple.product-type.bundle.unit-test";
		};
		67AF7B7923928B460003EC93 /* work_testUITests */ = {
			isa = PBXNativeTarget;
			buildConfigurationList = 67AF7B8923928B460003EC93 /* Build configuration list for PBXNativeTarget "work_testUITests" */;
			buildPhases = (
				67AF7B7623928B460003EC93 /* Sources */,
				67AF7B7723928B460003EC93 /* Frameworks */,
				67AF7B7823928B460003EC93 /* Resources */,
			);
			buildRules = (
			);
			dependencies = (
				67AF7B7C23928B460003EC93 /* PBXTargetDependency */,
			);
			name = work_testUITests;
			productName = work_testUITests;
			productReference = 67AF7B7A23928B460003EC93 /* work_testUITests.xctest */;
			productType = "com.apple.product-type.bundle.ui-testing";
		};
/* End PBXNativeTarget section */

/* Begin PBXProject section */
		67AF7B5123928B450003EC93 /* Project object */ = {
			isa = PBXProject;
			attributes = {
				LastSwiftUpdateCheck = 1120;
				LastUpgradeCheck = 1120;
				ORGANIZATIONNAME = kansei;
				TargetAttributes = {
					67AF7B5823928B450003EC93 = {
						CreatedOnToolsVersion = 11.2.1;
					};
					67AF7B6E23928B460003EC93 = {
						CreatedOnToolsVersion = 11.2.1;
						TestTargetID = 67AF7B5823928B450003EC93;
					};
					67AF7B7923928B460003EC93 = {
						CreatedOnToolsVersion = 11.2.1;
						TestTargetID = 67AF7B5823928B450003EC93;
					};
				};
			};
			buildConfigurationList = 67AF7B5423928B450003EC93 /* Build configuration list for PBXProject "work_test" */;
			compatibilityVersion = "Xcode 9.3";
			developmentRegion = en;
			hasScannedForEncodings = 0;
			knownRegions = (
				en,
				Base,
			);
			mainGroup = 67AF7B5023928B450003EC93;
			productRefGroup = 67AF7B5A23928B450003EC93 /* Products */;
			projectDirPath = "";
			projectRoot = "";
			targets = (
				67AF7B5823928B450003EC93 /* work_test */,
				67AF7B6E23928B460003EC93 /* work_testTests */,
				67AF7B7923928B460003EC93 /* work_testUITests */,
			);
		};
/* End PBXProject section */

/* Begin PBXResourcesBuildPhase section */
		67AF7B5723928B450003EC93 /* Resources */ = {
			isa = PBXResourcesBuildPhase;
			buildActionMask = 2147483647;
			files = (
				67AF7B6923928B460003EC93 /* LaunchScreen.storyboard in Resources */,
				67AF7B6623928B460003EC93 /* Preview Assets.xcassets in Resources */,
				67AF7B6323928B460003EC93 /* Assets.xcassets in Resources */,
				6747BEFC23A20D0800C26A3A /* img_data.json in Resources */,
			);
			runOnlyForDeploymentPostprocessing = 0;
		};
		67AF7B6D23928B460003EC93 /* Resources */ = {
			isa = PBXResourcesBuildPhase;
			buildActionMask = 2147483647;
			files = (
			);
			runOnlyForDeploymentPostprocessing = 0;
		};
		67AF7B7823928B460003EC93 /* Resources */ = {
			isa = PBXResourcesBuildPhase;
			buildActionMask = 2147483647;
			files = (
			);
			runOnlyForDeploymentPostprocessing = 0;
		};
/* End PBXResourcesBuildPhase section */

/* Begin PBXSourcesBuildPhase section */
		67AF7B5523928B450003EC93 /* Sources */ = {
			isa = PBXSourcesBuildPhase;
			buildActionMask = 2147483647;
			files = (
				67AF7B5D23928B450003EC93 /* AppDelegate.swift in Sources */,
				672C763B239BEC7A0052E7FE /* block_data_analyze.swift in Sources */,
				67AF7B5F23928B450003EC93 /* SceneDelegate.swift in Sources */,
				67AF7B6123928B450003EC93 /* ContentView.swift in Sources */,
				67CF3BF6239A137C007237C8 /* json_read.swift in Sources */,
			);
			runOnlyForDeploymentPostprocessing = 0;
		};
		67AF7B6B23928B460003EC93 /* Sources */ = {
			isa = PBXSourcesBuildPhase;
			buildActionMask = 2147483647;
			files = (
				67AF7B7423928B460003EC93 /* work_testTests.swift in Sources */,
			);
			runOnlyForDeploymentPostprocessing = 0;
		};
		67AF7B7623928B460003EC93 /* Sources */ = {
			isa = PBXSourcesBuildPhase;
			buildActionMask = 2147483647;
			files = (
				67AF7B7F23928B460003EC93 /* work_testUITests.swift in Sources */,
			);
			runOnlyForDeploymentPostprocessing = 0;
		};
/* End PBXSourcesBuildPhase section */

/* Begin PBXTargetDependency section */
		67AF7B7123928B460003EC93 /* PBXTargetDependency */ = {
			isa = PBXTargetDependency;
			target = 67AF7B5823928B450003EC93 /* work_test */;
			targetProxy = 67AF7B7023928B460003EC93 /* PBXContainerItemProxy */;
		};
		67AF7B7C23928B460003EC93 /* PBXTargetDependency */ = {
			isa = PBXTargetDependency;
			target = 67AF7B5823928B450003EC93 /* work_test */;
			targetProxy = 67AF7B7B23928B460003EC93 /* PBXContainerItemProxy */;
		};
/* End PBXTargetDependency section */

/* Begin PBXVariantGroup section */
		67AF7B6723928B460003EC93 /* LaunchScreen.storyboard */ = {
			isa = PBXVariantGroup;
			children = (
				67AF7B6823928B460003EC93 /* Base */,
			);
			name = LaunchScreen.storyboard;
			sourceTree = "<group>";
		};
/* End PBXVariantGroup section */

/* Begin XCBuildConfiguration section */
		67AF7B8123928B460003EC93 /* Debug */ = {
			isa = XCBuildConfiguration;
			buildSettings = {
				ALWAYS_SEARCH_USER_PATHS = NO;
				CLANG_ANALYZER_NONNULL = YES;
				CLANG_ANALYZER_NUMBER_OBJECT_CONVERSION = YES_AGGRESSIVE;
				CLANG_CXX_LANGUAGE_STANDARD = "gnu++14";
				CLANG_CXX_LIBRARY = "libc++";
				CLANG_ENABLE_MODULES = YES;
				CLANG_ENABLE_OBJC_ARC = YES;
				CLANG_ENABLE_OBJC_WEAK = YES;
				CLANG_WARN_BLOCK_CAPTURE_AUTORELEASING = YES;
				CLANG_WARN_BOOL_CONVERSION = YES;
				CLANG_WARN_COMMA = YES;
				CLANG_WARN_CONSTANT_CONVERSION = YES;
				CLANG_WARN_DEPRECATED_OBJC_IMPLEMENTATIONS = YES;
				CLANG_WARN_DIRECT_OBJC_ISA_USAGE = YES_ERROR;
				CLANG_WARN_DOCUMENTATION_COMMENTS = YES;
				CLANG_WARN_EMPTY_BODY = YES;
				CLANG_WARN_ENUM_CONVERSION = YES;
				CLANG_WARN_INFINITE_RECURSION = YES;
				CLANG_WARN_INT_CONVERSION = YES;
				CLANG_WARN_NON_LITERAL_NULL_CONVERSION = YES;
				CLANG_WARN_OBJC_IMPLICIT_RETAIN_SELF = YES;
				CLANG_WARN_OBJC_LITERAL_CONVERSION = YES;
				CLANG_WARN_OBJC_ROOT_CLASS = YES_ERROR;
				CLANG_WARN_RANGE_LOOP_ANALYSIS = YES;
				CLANG_WARN_STRICT_PROTOTYPES = YES;
				CLANG_WARN_SUSPICIOUS_MOVE = YES;
				CLANG_WARN_UNGUARDED_AVAILABILITY = YES_AGGRESSIVE;
				CLANG_WARN_UNREACHABLE_CODE = YES;
				CLANG_WARN__DUPLICATE_METHOD_MATCH = YES;
				COPY_PHASE_STRIP = NO;
				DEBUG_INFORMATION_FORMAT = dwarf;
				ENABLE_STRICT_OBJC_MSGSEND = YES;
				ENABLE_TESTABILITY = YES;
				GCC_C_LANGUAGE_STANDARD = gnu11;
				GCC_DYNAMIC_NO_PIC = NO;
				GCC_NO_COMMON_BLOCKS = YES;
				GCC_OPTIMIZATION_LEVEL = 0;
				GCC_PREPROCESSOR_DEFINITIONS = (
					"DEBUG=1",
					"$(inherited)",
				);
				GCC_WARN_64_TO_32_BIT_CONVERSION = YES;
				GCC_WARN_ABOUT_RETURN_TYPE = YES_ERROR;
				GCC_WARN_UNDECLARED_SELECTOR = YES;
				GCC_WARN_UNINITIALIZED_AUTOS = YES_AGGRESSIVE;
				GCC_WARN_UNUSED_FUNCTION = YES;
				GCC_WARN_UNUSED_VARIABLE = YES;
				IPHONEOS_DEPLOYMENT_TARGET = 13.2;
				MTL_ENABLE_DEBUG_INFO = INCLUDE_SOURCE;
				MTL_FAST_MATH = YES;
				ONLY_ACTIVE_ARCH = YES;
				"OTHER_SWIFT_FLAGS[arch=*]" = "-Xfrontend -warn-long-expression-type-checking=100";
				SDKROOT = iphoneos;
				SWIFT_ACTIVE_COMPILATION_CONDITIONS = DEBUG;
				SWIFT_OPTIMIZATION_LEVEL = "-Onone";
			};
			name = Debug;
		};
		67AF7B8223928B460003EC93 /* Release */ = {
			isa = XCBuildConfiguration;
			buildSettings = {
				ALWAYS_SEARCH_USER_PATHS = NO;
				CLANG_ANALYZER_NONNULL = YES;
				CLANG_ANALYZER_NUMBER_OBJECT_CONVERSION = YES_AGGRESSIVE;
				CLANG_CXX_LANGUAGE_STANDARD = "gnu++14";
				CLANG_CXX_LIBRARY = "libc++";
				CLANG_ENABLE_MODULES = YES;
				CLANG_ENABLE_OBJC_ARC = YES;
				CLANG_ENABLE_OBJC_WEAK = YES;
				CLANG_WARN_BLOCK_CAPTURE_AUTORELEASING = YES;
				CLANG_WARN_BOOL_CONVERSION = YES;
				CLANG_WARN_COMMA = YES;
				CLANG_WARN_CONSTANT_CONVERSION = YES;
				CLANG_WARN_DEPRECATED_OBJC_IMPLEMENTATIONS = YES;
				CLANG_WARN_DIRECT_OBJC_ISA_USAGE = YES_ERROR;
				CLANG_WARN_DOCUMENTATION_COMMENTS = YES;
				CLANG_WARN_EMPTY_BODY = YES;
				CLANG_WARN_ENUM_CONVERSION = YES;
				CLANG_WARN_INFINITE_RECURSION = YES;
				CLANG_WARN_INT_CONVERSION = YES;
				CLANG_WARN_NON_LITERAL_NULL_CONVERSION = YES;
				CLANG_WARN_OBJC_IMPLICIT_RETAIN_SELF = YES;
				CLANG_WARN_OBJC_LITERAL_CONVERSION = YES;
				CLANG_WARN_OBJC_ROOT_CLASS = YES_ERROR;
				CLANG_WARN_RANGE_LOOP_ANALYSIS = YES;
				CLANG_WARN_STRICT_PROTOTYPES = YES;
				CLANG_WARN_SUSPICIOUS_MOVE = YES;
				CLANG_WARN_UNGUARDED_AVAILABILITY = YES_AGGRESSIVE;
				CLANG_WARN_UNREACHABLE_CODE = YES;
				CLANG_WARN__DUPLICATE_METHOD_MATCH = YES;
				COPY_PHASE_STRIP = NO;
				DEBUG_INFORMATION_FORMAT = "dwarf-with-dsym";
				ENABLE_NS_ASSERTIONS = NO;
				ENABLE_STRICT_OBJC_MSGSEND = YES;
				GCC_C_LANGUAGE_STANDARD = gnu11;
				GCC_NO_COMMON_BLOCKS = YES;
				GCC_WARN_64_TO_32_BIT_CONVERSION = YES;
				GCC_WARN_ABOUT_RETURN_TYPE = YES_ERROR;
				GCC_WARN_UNDECLARED_SELECTOR = YES;
				GCC_WARN_UNINITIALIZED_AUTOS = YES_AGGRESSIVE;
				GCC_WARN_UNUSED_FUNCTION = YES;
				GCC_WARN_UNUSED_VARIABLE = YES;
				IPHONEOS_DEPLOYMENT_TARGET = 13.2;
				MTL_ENABLE_DEBUG_INFO = NO;
				MTL_FAST_MATH = YES;
				SDKROOT = iphoneos;
				SWIFT_COMPILATION_MODE = wholemodule;
				SWIFT_OPTIMIZATION_LEVEL = "-O";
				VALIDATE_PRODUCT = YES;
			};
			name = Release;
		};
		67AF7B8423928B460003EC93 /* Debug */ = {
			isa = XCBuildConfiguration;
			buildSettings = {
				ASSETCATALOG_COMPILER_APPICON_NAME = AppIcon;
				CODE_SIGN_STYLE = Automatic;
				DEVELOPMENT_ASSET_PATHS = "\"work_test/Preview Content\"";
				ENABLE_PREVIEWS = YES;
				INFOPLIST_FILE = work_test/Info.plist;
				LD_RUNPATH_SEARCH_PATHS = (
					"$(inherited)",
					"@executable_path/Frameworks",
				);
				PRODUCT_BUNDLE_IDENTIFIER = "test.work-test";
				PRODUCT_NAME = "$(TARGET_NAME)";
				SWIFT_VERSION = 5.0;
				TARGETED_DEVICE_FAMILY = "1,2";
			};
			name = Debug;
		};
		67AF7B8523928B460003EC93 /* Release */ = {
			isa = XCBuildConfiguration;
			buildSettings = {
				ASSETCATALOG_COMPILER_APPICON_NAME = AppIcon;
				CODE_SIGN_STYLE = Automatic;
				DEVELOPMENT_ASSET_PATHS = "\"work_test/Preview Content\"";
				ENABLE_PREVIEWS = YES;
				INFOPLIST_FILE = work_test/Info.plist;
				LD_RUNPATH_SEARCH_PATHS = (
					"$(inherited)",
					"@executable_path/Frameworks",
				);
				PRODUCT_BUNDLE_IDENTIFIER = "test.work-test";
				PRODUCT_NAME = "$(TARGET_NAME)";
				SWIFT_VERSION = 5.0;
				TARGETED_DEVICE_FAMILY = "1,2";
			};
			name = Release;
		};
		67AF7B8723928B460003EC93 /* Debug */ = {
			isa = XCBuildConfiguration;
			buildSettings = {
				ALWAYS_EMBED_SWIFT_STANDARD_LIBRARIES = YES;
				BUNDLE_LOADER = "$(TEST_HOST)";
				CODE_SIGN_STYLE = Automatic;
				INFOPLIST_FILE = work_testTests/Info.plist;
				IPHONEOS_DEPLOYMENT_TARGET = 13.2;
				LD_RUNPATH_SEARCH_PATHS = (
					"$(inherited)",
					"@executable_path/Frameworks",
					"@loader_path/Frameworks",
				);
				PRODUCT_BUNDLE_IDENTIFIER = "test.work-testTests";
				PRODUCT_NAME = "$(TARGET_NAME)";
				SWIFT_VERSION = 5.0;
				TARGETED_DEVICE_FAMILY = "1,2";
				TEST_HOST = "$(BUILT_PRODUCTS_DIR)/work_test.app/work_test";
			};
			name = Debug;
		};
		67AF7B8823928B460003EC93 /* Release */ = {
			isa = XCBuildConfiguration;
			buildSettings = {
				ALWAYS_EMBED_SWIFT_STANDARD_LIBRARIES = YES;
				BUNDLE_LOADER = "$(TEST_HOST)";
				CODE_SIGN_STYLE = Automatic;
				INFOPLIST_FILE = work_testTests/Info.plist;
				IPHONEOS_DEPLOYMENT_TARGET = 13.2;
				LD_RUNPATH_SEARCH_PATHS = (
					"$(inherited)",
					"@executable_path/Frameworks",
					"@loader_path/Frameworks",
				);
				PRODUCT_BUNDLE_IDENTIFIER = "test.work-testTests";
				PRODUCT_NAME = "$(TARGET_NAME)";
				SWIFT_VERSION = 5.0;
				TARGETED_DEVICE_FAMILY = "1,2";
				TEST_HOST = "$(BUILT_PRODUCTS_DIR)/work_test.app/work_test";
			};
			name = Release;
		};
		67AF7B8A23928B460003EC93 /* Debug */ = {
			isa = XCBuildConfiguration;
			buildSettings = {
				ALWAYS_EMBED_SWIFT_STANDARD_LIBRARIES = YES;
				CODE_SIGN_STYLE = Automatic;
				INFOPLIST_FILE = work_testUITests/Info.plist;
				LD_RUNPATH_SEARCH_PATHS = (
					"$(inherited)",
					"@executable_path/Frameworks",
					"@loader_path/Frameworks",
				);
				PRODUCT_BUNDLE_IDENTIFIER = "test.work-testUITests";
				PRODUCT_NAME = "$(TARGET_NAME)";
				SWIFT_VERSION = 5.0;
				TARGETED_DEVICE_FAMILY = "1,2";
				TEST_TARGET_NAME = work_test;
			};
			name = Debug;
		};
		67AF7B8B23928B460003EC93 /* Release */ = {
			isa = XCBuildConfiguration;
			buildSettings = {
				ALWAYS_EMBED_SWIFT_STANDARD_LIBRARIES = YES;
				CODE_SIGN_STYLE = Automatic;
				INFOPLIST_FILE = work_testUITests/Info.plist;
				LD_RUNPATH_SEARCH_PATHS = (
					"$(inherited)",
					"@executable_path/Frameworks",
					"@loader_path/Frameworks",
				);
				PRODUCT_BUNDLE_IDENTIFIER = "test.work-testUITests";
				PRODUCT_NAME = "$(TARGET_NAME)";
				SWIFT_VERSION = 5.0;
				TARGETED_DEVICE_FAMILY = "1,2";
				TEST_TARGET_NAME = work_test;
			};
			name = Release;
		};
/* End XCBuildConfiguration section */

/* Begin XCConfigurationList section */
		67AF7B5423928B450003EC93 /* Build configuration list for PBXProject "work_test" */ = {
			isa = XCConfigurationList;
			buildConfigurations = (
				67AF7B8123928B460003EC93 /* Debug */,
				67AF7B8223928B460003EC93 /* Release */,
			);
			defaultConfigurationIsVisible = 0;
			defaultConfigurationName = Release;
		};
		67AF7B8323928B460003EC93 /* Build configuration list for PBXNativeTarget "work_test" */ = {
			isa = XCConfigurationList;
			buildConfigurations = (
				67AF7B8423928B460003EC93 /* Debug */,
				67AF7B8523928B460003EC93 /* Release */,
			);
			defaultConfigurationIsVisible = 0;
			defaultConfigurationName = Release;
		};
		67AF7B8623928B460003EC93 /* Build configuration list for PBXNativeTarget "work_testTests" */ = {
			isa = XCConfigurationList;
			buildConfigurations = (
				67AF7B8723928B460003EC93 /* Debug */,
				67AF7B8823928B460003EC93 /* Release */,
			);
			defaultConfigurationIsVisible = 0;
			defaultConfigurationName = Release;
		};
		67AF7B8923928B460003EC93 /* Build configuration list for PBXNativeTarget "work_testUITests" */ = {
			isa = XCConfigurationList;
			buildConfigurations = (
				67AF7B8A23928B460003EC93 /* Debug */,
				67AF7B8B23928B460003EC93 /* Release */,
			);
			defaultConfigurationIsVisible = 0;
			defaultConfigurationName = Release;
		};
/* End XCConfigurationList section */
	};
	rootObject = 67AF7B5123928B450003EC93 /* Project object */;
}
